// !$*UTF8*$!
{
	archiveVersion = 1;
	classes = {
	};
	objectVersion = 77;
	objects = {

/* Begin PBXBuildFile section */
		AA000001304B000100000001 /* TLV8 in Frameworks */ = {isa = PBXBuildFile; productRef = AA000002304B000100000001 /* TLV8 */; };
		AA000001304B000100000002 /* SRP in Frameworks */ = {isa = PBXBuildFile; productRef = AA000002304B000100000002 /* SRP */; };
		AA000001304B000100000003 /* SRTP in Frameworks */ = {isa = PBXBuildFile; productRef = AA000002304B000100000003 /* SRTP */; };
		AA000001304B000100000004 /* FragmentedMP4 in Frameworks */ = {isa = PBXBuildFile; productRef = AA000002304B000100000004 /* FragmentedMP4 */; };
		AA000001304B000100000005 /* HAP in Frameworks */ = {isa = PBXBuildFile; productRef = AA000002304B000100000005 /* HAP */; };
		AA000001304B000100000006 /* Locked in Frameworks */ = {isa = PBXBuildFile; productRef = AA000002304B000100000006 /* Locked */; };
		AA000001304B000100000007 /* Sensors in Frameworks */ = {isa = PBXBuildFile; productRef = AA000002304B000100000007 /* Sensors */; };
		AA000001304B000100000008 /* Streaming in Frameworks */ = {isa = PBXBuildFile; productRef = AA000002304B000100000008 /* Streaming */; };
/* End PBXBuildFile section */

/* Begin PBXContainerItemProxy section */
		34EA21F02F4EA60100113A11 /* PBXContainerItemProxy */ = {
			isa = PBXContainerItemProxy;
			containerPortal = 34EA21DA2F4EA5FF00113A11 /* Project object */;
			proxyType = 1;
			remoteGlobalIDString = 34EA21E12F4EA5FF00113A11;
			remoteInfo = Pylo;
		};
/* End PBXContainerItemProxy section */

/* Begin PBXFileReference section */
		34EA21E22F4EA5FF00113A11 /* Pylo.app */ = {isa = PBXFileReference; explicitFileType = wrapper.application; includeInIndex = 0; path = Pylo.app; sourceTree = BUILT_PRODUCTS_DIR; };
		34EA21EF2F4EA60100113A11 /* PyloTests.xctest */ = {isa = PBXFileReference; explicitFileType = wrapper.cfbundle; includeInIndex = 0; path = PyloTests.xctest; sourceTree = BUILT_PRODUCTS_DIR; };
/* End PBXFileReference section */

/* Begin PBXFileSystemSynchronizedBuildFileExceptionSet section */
		34EA22282F4EAE8600113A11 /* Exceptions for "Pylo" folder in "Pylo" target */ = {
			isa = PBXFileSystemSynchronizedBuildFileExceptionSet;
			membershipExceptions = (
				Info.plist,
			);
			target = 34EA21E12F4EA5FF00113A11 /* Pylo */;
		};
/* End PBXFileSystemSynchronizedBuildFileExceptionSet section */

/* Begin PBXFileSystemSynchronizedRootGroup section */
		34EA21E42F4EA5FF00113A11 /* Pylo */ = {
			isa = PBXFileSystemSynchronizedRootGroup;
			exceptions = (
				34EA22282F4EAE8600113A11 /* Exceptions for "Pylo" folder in "Pylo" target */,
			);
			path = Pylo;
			sourceTree = "<group>";
		};
		34EA22292F4EB00000113A11 /* PyloTests */ = {
			isa = PBXFileSystemSynchronizedRootGroup;
			path = PyloTests;
			sourceTree = "<group>";
		};
/* End PBXFileSystemSynchronizedRootGroup section */

/* Begin PBXFrameworksBuildPhase section */
		34EA21DF2F4EA5FF00113A11 /* Frameworks */ = {
			isa = PBXFrameworksBuildPhase;
			buildActionMask = 2147483647;
			files = (
				AA000001304B000100000001 /* TLV8 in Frameworks */,
				AA000001304B000100000002 /* SRP in Frameworks */,
				AA000001304B000100000003 /* SRTP in Frameworks */,
				AA000001304B000100000004 /* FragmentedMP4 in Frameworks */,
				AA000001304B000100000005 /* HAP in Frameworks */,
				AA000001304B000100000006 /* Locked in Frameworks */,
				AA000001304B000100000007 /* Sensors in Frameworks */,
				AA000001304B000100000008 /* Streaming in Frameworks */,
			);
			runOnlyForDeploymentPostprocessing = 0;
		};
		34EA21EC2F4EA60100113A11 /* Frameworks */ = {
			isa = PBXFrameworksBuildPhase;
			buildActionMask = 2147483647;
			files = (
			);
			runOnlyForDeploymentPostprocessing = 0;
		};
/* End PBXFrameworksBuildPhase section */

/* Begin PBXGroup section */
		34EA21D92F4EA5FF00113A11 = {
			isa = PBXGroup;
			children = (
				34EA21E42F4EA5FF00113A11 /* Pylo */,
				34EA22292F4EB00000113A11 /* PyloTests */,
				34EA21E32F4EA5FF00113A11 /* Products */,
			);
			sourceTree = "<group>";
		};
		34EA21E32F4EA5FF00113A11 /* Products */ = {
			isa = PBXGroup;
			children = (
				34EA21E22F4EA5FF00113A11 /* Pylo.app */,
				34EA21EF2F4EA60100113A11 /* PyloTests.xctest */,
			);
			name = Products;
			sourceTree = "<group>";
		};
/* End PBXGroup section */

/* Begin PBXNativeTarget section */
		34EA21E12F4EA5FF00113A11 /* Pylo */ = {
			isa = PBXNativeTarget;
			buildConfigurationList = 34EA22032F4EA60100113A11 /* Build configuration list for PBXNativeTarget "Pylo" */;
			buildPhases = (
				34EA21DE2F4EA5FF00113A11 /* Sources */,
				34EA21DF2F4EA5FF00113A11 /* Frameworks */,
				34EA21E02F4EA5FF00113A11 /* Resources */,
			);
			buildRules = (
			);
			dependencies = (
			);
			fileSystemSynchronizedGroups = (
				34EA21E42F4EA5FF00113A11 /* Pylo */,
			);
			name = Pylo;
			packageProductDependencies = (
				AA000002304B000100000001 /* TLV8 */,
				AA000002304B000100000002 /* SRP */,
				AA000002304B000100000003 /* SRTP */,
				AA000002304B000100000004 /* FragmentedMP4 */,
				AA000002304B000100000005 /* HAP */,
				AA000002304B000100000006 /* Locked */,
				AA000002304B000100000007 /* Sensors */,
				AA000002304B000100000008 /* Streaming */,
			);
			productName = Pylo;
			productReference = 34EA21E22F4EA5FF00113A11 /* Pylo.app */;
			productType = "com.apple.product-type.application";
		};
		34EA21EE2F4EA60100113A11 /* PyloTests */ = {
			isa = PBXNativeTarget;
			buildConfigurationList = 34EA22062F4EA60100113A11 /* Build configuration list for PBXNativeTarget "PyloTests" */;
			buildPhases = (
				34EA21EB2F4EA60100113A11 /* Sources */,
				34EA21EC2F4EA60100113A11 /* Frameworks */,
				34EA21ED2F4EA60100113A11 /* Resources */,
			);
			buildRules = (
			);
			dependencies = (
				34EA21F12F4EA60100113A11 /* PBXTargetDependency */,
			);
			fileSystemSynchronizedGroups = (
				34EA22292F4EB00000113A11 /* PyloTests */,
			);
			name = PyloTests;
			packageProductDependencies = (
			);
			productName = PyloTests;
			productReference = 34EA21EF2F4EA60100113A11 /* PyloTests.xctest */;
			productType = "com.apple.product-type.bundle.unit-test";
		};
/* End PBXNativeTarget section */

/* Begin PBXProject section */
		34EA21DA2F4EA5FF00113A11 /* Project object */ = {
			isa = PBXProject;
			attributes = {
				BuildIndependentTargetsInParallel = 1;
				LastSwiftUpdateCheck = 2620;
				LastUpgradeCheck = 2630;
				TargetAttributes = {
					34EA21E12F4EA5FF00113A11 = {
						CreatedOnToolsVersion = 26.2;
						LastSwiftMigration = 2620;
					};
					34EA21EE2F4EA60100113A11 = {
						CreatedOnToolsVersion = 26.2;
						TestTargetID = 34EA21E12F4EA5FF00113A11;
					};
				};
			};
			buildConfigurationList = 34EA21DD2F4EA5FF00113A11 /* Build configuration list for PBXProject "Pylo" */;
			developmentRegion = en;
			hasScannedForEncodings = 0;
			knownRegions = (
				en,
				Base,
			);
			mainGroup = 34EA21D92F4EA5FF00113A11;
			minimizedProjectReferenceProxies = 1;
			packageReferences = (
				AA000003304B000100000001 /* XCLocalSwiftPackageReference "Packages/TLV8" */,
				AA000003304B000100000002 /* XCLocalSwiftPackageReference "Packages/SRP" */,
				AA000003304B000100000003 /* XCLocalSwiftPackageReference "Packages/SRTP" */,
				AA000003304B000100000004 /* XCLocalSwiftPackageReference "Packages/FragmentedMP4" */,
				AA000003304B000100000005 /* XCLocalSwiftPackageReference "Packages/HAP" */,
				AA000003304B000100000006 /* XCLocalSwiftPackageReference "Packages/Locked" */,
				AA000003304B000100000007 /* XCLocalSwiftPackageReference "Packages/Sensors" */,
				AA000003304B000100000008 /* XCLocalSwiftPackageReference "Packages/Streaming" */,
			);
			preferredProjectObjectVersion = 77;
			productRefGroup = 34EA21E32F4EA5FF00113A11 /* Products */;
			projectDirPath = "";
			projectRoot = "";
			targets = (
				34EA21E12F4EA5FF00113A11 /* Pylo */,
				34EA21EE2F4EA60100113A11 /* PyloTests */,
			);
		};
/* End PBXProject section */

/* Begin PBXResourcesBuildPhase section */
		34EA21E02F4EA5FF00113A11 /* Resources */ = {
			isa = PBXResourcesBuildPhase;
			buildActionMask = 2147483647;
			files = (
			);
			runOnlyForDeploymentPostprocessing = 0;
		};
		34EA21ED2F4EA60100113A11 /* Resources */ = {
			isa = PBXResourcesBuildPhase;
			buildActionMask = 2147483647;
			files = (
			);
			runOnlyForDeploymentPostprocessing = 0;
		};
/* End PBXResourcesBuildPhase section */

/* Begin PBXSourcesBuildPhase section */
		34EA21DE2F4EA5FF00113A11 /* Sources */ = {
			isa = PBXSourcesBuildPhase;
			buildActionMask = 2147483647;
			files = (
			);
			runOnlyForDeploymentPostprocessing = 0;
		};
		34EA21EB2F4EA60100113A11 /* Sources */ = {
			isa = PBXSourcesBuildPhase;
			buildActionMask = 2147483647;
			files = (
			);
			runOnlyForDeploymentPostprocessing = 0;
		};
/* End PBXSourcesBuildPhase section */

/* Begin PBXTargetDependency section */
		34EA21F12F4EA60100113A11 /* PBXTargetDependency */ = {
			isa = PBXTargetDependency;
			target = 34EA21E12F4EA5FF00113A11 /* Pylo */;
			targetProxy = 34EA21F02F4EA60100113A11 /* PBXContainerItemProxy */;
		};
/* End PBXTargetDependency section */

/* Begin XCBuildConfiguration section */
		34EA22012F4EA60100113A11 /* Debug */ = {
			isa = XCBuildConfiguration;
			buildSettings = {
				ALWAYS_SEARCH_USER_PATHS = NO;
				ASSETCATALOG_COMPILER_GENERATE_SWIFT_ASSET_SYMBOL_EXTENSIONS = YES;
				CLANG_ANALYZER_NONNULL = YES;
				CLANG_ANALYZER_NUMBER_OBJECT_CONVERSION = YES_AGGRESSIVE;
				CLANG_CXX_LANGUAGE_STANDARD = "gnu++20";
				CLANG_ENABLE_MODULES = YES;
				CLANG_ENABLE_OBJC_ARC = YES;
				CLANG_ENABLE_OBJC_WEAK = YES;
				CLANG_WARN_BLOCK_CAPTURE_AUTORELEASING = YES;
				CLANG_WARN_BOOL_CONVERSION = YES;
				CLANG_WARN_COMMA = YES;
				CLANG_WARN_CONSTANT_CONVERSION = YES;
				CLANG_WARN_DEPRECATED_OBJC_IMPLEMENTATIONS = YES;
				CLANG_WARN_DIRECT_OBJC_ISA_USAGE = YES_ERROR;
				CLANG_WARN_DOCUMENTATION_COMMENTS = YES;
				CLANG_WARN_EMPTY_BODY = YES;
				CLANG_WARN_ENUM_CONVERSION = YES;
				CLANG_WARN_INFINITE_RECURSION = YES;
				CLANG_WARN_INT_CONVERSION = YES;
				CLANG_WARN_NON_LITERAL_NULL_CONVERSION = YES;
				CLANG_WARN_OBJC_IMPLICIT_RETAIN_SELF = YES;
				CLANG_WARN_OBJC_LITERAL_CONVERSION = YES;
				CLANG_WARN_OBJC_ROOT_CLASS = YES_ERROR;
				CLANG_WARN_QUOTED_INCLUDE_IN_FRAMEWORK_HEADER = YES;
				CLANG_WARN_RANGE_LOOP_ANALYSIS = YES;
				CLANG_WARN_STRICT_PROTOTYPES = YES;
				CLANG_WARN_SUSPICIOUS_MOVE = YES;
				CLANG_WARN_UNGUARDED_AVAILABILITY = YES_AGGRESSIVE;
				CLANG_WARN_UNREACHABLE_CODE = YES;
				CLANG_WARN__DUPLICATE_METHOD_MATCH = YES;
				COPY_PHASE_STRIP = NO;
				DEBUG_INFORMATION_FORMAT = dwarf;
				DEVELOPMENT_TEAM = 6BNF6ECP6F;
				ENABLE_STRICT_OBJC_MSGSEND = YES;
				ENABLE_TESTABILITY = YES;
				ENABLE_USER_SCRIPT_SANDBOXING = YES;
				GCC_C_LANGUAGE_STANDARD = gnu17;
				GCC_DYNAMIC_NO_PIC = NO;
				GCC_NO_COMMON_BLOCKS = YES;
				GCC_OPTIMIZATION_LEVEL = 0;
				GCC_PREPROCESSOR_DEFINITIONS = (
					"DEBUG=1",
					"$(inherited)",
				);
				GCC_WARN_64_TO_32_BIT_CONVERSION = YES;
				GCC_WARN_ABOUT_RETURN_TYPE = YES_ERROR;
				GCC_WARN_UNDECLARED_SELECTOR = YES;
				GCC_WARN_UNINITIALIZED_AUTOS = YES_AGGRESSIVE;
				GCC_WARN_UNUSED_FUNCTION = YES;
				GCC_WARN_UNUSED_VARIABLE = YES;
				IPHONEOS_DEPLOYMENT_TARGET = 15.0;
				LOCALIZATION_PREFERS_STRING_CATALOGS = YES;
				MACOSX_DEPLOYMENT_TARGET = 12.0;
				MTL_ENABLE_DEBUG_INFO = INCLUDE_SOURCE;
				MTL_FAST_MATH = YES;
				ONLY_ACTIVE_ARCH = YES;
				SDKROOT = auto;
				STRING_CATALOG_GENERATE_SYMBOLS = YES;
				SUPPORTED_PLATFORMS = "iphoneos iphonesimulator macosx";
				SWIFT_ACTIVE_COMPILATION_CONDITIONS = "DEBUG $(inherited)";
				SWIFT_OPTIMIZATION_LEVEL = "-Onone";
				SWIFT_VERSION = 6.0;
			};
			name = Debug;
		};
		34EA22022F4EA60100113A11 /* Release */ = {
			isa = XCBuildConfiguration;
			buildSettings = {
				ALWAYS_SEARCH_USER_PATHS = NO;
				ASSETCATALOG_COMPILER_GENERATE_SWIFT_ASSET_SYMBOL_EXTENSIONS = YES;
				CLANG_ANALYZER_NONNULL = YES;
				CLANG_ANALYZER_NUMBER_OBJECT_CONVERSION = YES_AGGRESSIVE;
				CLANG_CXX_LANGUAGE_STANDARD = "gnu++20";
				CLANG_ENABLE_MODULES = YES;
				CLANG_ENABLE_OBJC_ARC = YES;
				CLANG_ENABLE_OBJC_WEAK = YES;
				CLANG_WARN_BLOCK_CAPTURE_AUTORELEASING = YES;
				CLANG_WARN_BOOL_CONVERSION = YES;
				CLANG_WARN_COMMA = YES;
				CLANG_WARN_CONSTANT_CONVERSION = YES;
				CLANG_WARN_DEPRECATED_OBJC_IMPLEMENTATIONS = YES;
				CLANG_WARN_DIRECT_OBJC_ISA_USAGE = YES_ERROR;
				CLANG_WARN_DOCUMENTATION_COMMENTS = YES;
				CLANG_WARN_EMPTY_BODY = YES;
				CLANG_WARN_ENUM_CONVERSION = YES;
				CLANG_WARN_INFINITE_RECURSION = YES;
				CLANG_WARN_INT_CONVERSION = YES;
				CLANG_WARN_NON_LITERAL_NULL_CONVERSION = YES;
				CLANG_WARN_OBJC_IMPLICIT_RETAIN_SELF = YES;
				CLANG_WARN_OBJC_LITERAL_CONVERSION = YES;
				CLANG_WARN_OBJC_ROOT_CLASS = YES_ERROR;
				CLANG_WARN_QUOTED_INCLUDE_IN_FRAMEWORK_HEADER = YES;
				CLANG_WARN_RANGE_LOOP_ANALYSIS = YES;
				CLANG_WARN_STRICT_PROTOTYPES = YES;
				CLANG_WARN_SUSPICIOUS_MOVE = YES;
				CLANG_WARN_UNGUARDED_AVAILABILITY = YES_AGGRESSIVE;
				CLANG_WARN_UNREACHABLE_CODE = YES;
				CLANG_WARN__DUPLICATE_METHOD_MATCH = YES;
				COPY_PHASE_STRIP = NO;
				DEBUG_INFORMATION_FORMAT = "dwarf-with-dsym";
				DEVELOPMENT_TEAM = 6BNF6ECP6F;
				ENABLE_NS_ASSERTIONS = NO;
				ENABLE_STRICT_OBJC_MSGSEND = YES;
				ENABLE_USER_SCRIPT_SANDBOXING = YES;
				GCC_C_LANGUAGE_STANDARD = gnu17;
				GCC_NO_COMMON_BLOCKS = YES;
				GCC_WARN_64_TO_32_BIT_CONVERSION = YES;
				GCC_WARN_ABOUT_RETURN_TYPE = YES_ERROR;
				GCC_WARN_UNDECLARED_SELECTOR = YES;
				GCC_WARN_UNINITIALIZED_AUTOS = YES_AGGRESSIVE;
				GCC_WARN_UNUSED_FUNCTION = YES;
				GCC_WARN_UNUSED_VARIABLE = YES;
				IPHONEOS_DEPLOYMENT_TARGET = 15.0;
				LOCALIZATION_PREFERS_STRING_CATALOGS = YES;
				MACOSX_DEPLOYMENT_TARGET = 12.0;
				MTL_ENABLE_DEBUG_INFO = NO;
				MTL_FAST_MATH = YES;
				SDKROOT = auto;
				STRING_CATALOG_GENERATE_SYMBOLS = YES;
				SUPPORTED_PLATFORMS = "iphoneos iphonesimulator macosx";
				SWIFT_COMPILATION_MODE = wholemodule;
				SWIFT_VERSION = 6.0;
				VALIDATE_PRODUCT = YES;
			};
			name = Release;
		};
		34EA22042F4EA60100113A11 /* Debug */ = {
			isa = XCBuildConfiguration;
			buildSettings = {
				ASSETCATALOG_COMPILER_APPICON_NAME = AppIcon;
				ASSETCATALOG_COMPILER_GLOBAL_ACCENT_COLOR_NAME = AccentColor;
				CLANG_ENABLE_MODULES = YES;
				CODE_SIGN_STYLE = Automatic;
				CURRENT_PROJECT_VERSION = 1;
				DEVELOPMENT_TEAM = 6BNF6ECP6F;
				ENABLE_PREVIEWS = YES;
				GENERATE_INFOPLIST_FILE = YES;
				INFOPLIST_FILE = Pylo/Info.plist;
				INFOPLIST_KEY_LSApplicationCategoryType = "public.app-category.utilities";
				INFOPLIST_KEY_NSCameraUsageDescription = "The camera is used for HomeKit video streaming, snapshots, ambient light sensing, and flashlight control.";
				INFOPLIST_KEY_NSLocalNetworkUsageDescription = "Used to advertise as a HomeKit accessory.";
				INFOPLIST_KEY_NSMicrophoneUsageDescription = "The microphone is used for HomeKit audio streaming.";
				"INFOPLIST_KEY_UIApplicationSceneManifest_Generation[sdk=iphoneos*]" = YES;
				"INFOPLIST_KEY_UIApplicationSceneManifest_Generation[sdk=iphonesimulator*]" = YES;
				"INFOPLIST_KEY_UIApplicationSupportsIndirectInputEvents[sdk=iphoneos*]" = YES;
				"INFOPLIST_KEY_UIApplicationSupportsIndirectInputEvents[sdk=iphonesimulator*]" = YES;
				"INFOPLIST_KEY_UILaunchScreen_Generation[sdk=iphoneos*]" = YES;
				"INFOPLIST_KEY_UILaunchScreen_Generation[sdk=iphonesimulator*]" = YES;
				"INFOPLIST_KEY_UISupportedInterfaceOrientations_iPad[sdk=iphoneos*]" = "UIInterfaceOrientationPortrait UIInterfaceOrientationPortraitUpsideDown UIInterfaceOrientationLandscapeLeft UIInterfaceOrientationLandscapeRight";
				"INFOPLIST_KEY_UISupportedInterfaceOrientations_iPad[sdk=iphonesimulator*]" = "UIInterfaceOrientationPortrait UIInterfaceOrientationPortraitUpsideDown UIInterfaceOrientationLandscapeLeft UIInterfaceOrientationLandscapeRight";
				"INFOPLIST_KEY_UISupportedInterfaceOrientations_iPhone[sdk=iphoneos*]" = "UIInterfaceOrientationPortrait UIInterfaceOrientationLandscapeLeft UIInterfaceOrientationLandscapeRight";
				"INFOPLIST_KEY_UISupportedInterfaceOrientations_iPhone[sdk=iphonesimulator*]" = "UIInterfaceOrientationPortrait UIInterfaceOrientationLandscapeLeft UIInterfaceOrientationLandscapeRight";
				"LD_RUNPATH_SEARCH_PATHS[sdk=iphoneos*]" = (
					"$(inherited)",
					"@executable_path/Frameworks",
				);
				"LD_RUNPATH_SEARCH_PATHS[sdk=iphonesimulator*]" = (
					"$(inherited)",
					"@executable_path/Frameworks",
				);
				"LD_RUNPATH_SEARCH_PATHS[sdk=macosx*]" = (
					"$(inherited)",
					"@executable_path/../Frameworks",
				);
				MACOSX_DEPLOYMENT_TARGET = 12.0;
				MARKETING_VERSION = 1.3;
				PRODUCT_BUNDLE_IDENTIFIER = me.fausak.taylor.Pylo;
				PRODUCT_NAME = "$(TARGET_NAME)";
				STRING_CATALOG_GENERATE_SYMBOLS = YES;
				SUPPORTS_MACCATALYST = NO;
				SWIFT_APPROACHABLE_CONCURRENCY = YES;
				SWIFT_DEFAULT_ACTOR_ISOLATION = MainActor;
				SWIFT_EMIT_LOC_STRINGS = YES;
				SWIFT_OPTIMIZATION_LEVEL = "-Onone";
				SWIFT_UPCOMING_FEATURE_MEMBER_IMPORT_VISIBILITY = YES;
				SWIFT_VERSION = 6.0;
				TARGETED_DEVICE_FAMILY = "1,2";
			};
			name = Debug;
		};
		34EA22052F4EA60100113A11 /* Release */ = {
			isa = XCBuildConfiguration;
			buildSettings = {
				ASSETCATALOG_COMPILER_APPICON_NAME = AppIcon;
				ASSETCATALOG_COMPILER_GLOBAL_ACCENT_COLOR_NAME = AccentColor;
				CLANG_ENABLE_MODULES = YES;
				CODE_SIGN_STYLE = Automatic;
				CURRENT_PROJECT_VERSION = 1;
				DEVELOPMENT_TEAM = 6BNF6ECP6F;
				ENABLE_PREVIEWS = YES;
				GENERATE_INFOPLIST_FILE = YES;
				INFOPLIST_FILE = Pylo/Info.plist;
				INFOPLIST_KEY_LSApplicationCategoryType = "public.app-category.utilities";
				INFOPLIST_KEY_NSCameraUsageDescription = "The camera is used for HomeKit video streaming, snapshots, ambient light sensing, and flashlight control.";
				INFOPLIST_KEY_NSLocalNetworkUsageDescription = "Used to advertise as a HomeKit accessory.";
				INFOPLIST_KEY_NSMicrophoneUsageDescription = "The microphone is used for HomeKit audio streaming.";
				"INFOPLIST_KEY_UIApplicationSceneManifest_Generation[sdk=iphoneos*]" = YES;
				"INFOPLIST_KEY_UIApplicationSceneManifest_Generation[sdk=iphonesimulator*]" = YES;
				"INFOPLIST_KEY_UIApplicationSupportsIndirectInputEvents[sdk=iphoneos*]" = YES;
				"INFOPLIST_KEY_UIApplicationSupportsIndirectInputEvents[sdk=iphonesimulator*]" = YES;
				"INFOPLIST_KEY_UILaunchScreen_Generation[sdk=iphoneos*]" = YES;
				"INFOPLIST_KEY_UILaunchScreen_Generation[sdk=iphonesimulator*]" = YES;
				"INFOPLIST_KEY_UISupportedInterfaceOrientations_iPad[sdk=iphoneos*]" = "UIInterfaceOrientationPortrait UIInterfaceOrientationPortraitUpsideDown UIInterfaceOrientationLandscapeLeft UIInterfaceOrientationLandscapeRight";
				"INFOPLIST_KEY_UISupportedInterfaceOrientations_iPad[sdk=iphonesimulator*]" = "UIInterfaceOrientationPortrait UIInterfaceOrientationPortraitUpsideDown UIInterfaceOrientationLandscapeLeft UIInterfaceOrientationLandscapeRight";
				"INFOPLIST_KEY_UISupportedInterfaceOrientations_iPhone[sdk=iphoneos*]" = "UIInterfaceOrientationPortrait UIInterfaceOrientationLandscapeLeft UIInterfaceOrientationLandscapeRight";
				"INFOPLIST_KEY_UISupportedInterfaceOrientations_iPhone[sdk=iphonesimulator*]" = "UIInterfaceOrientationPortrait UIInterfaceOrientationLandscapeLeft UIInterfaceOrientationLandscapeRight";
				"LD_RUNPATH_SEARCH_PATHS[sdk=iphoneos*]" = (
					"$(inherited)",
					"@executable_path/Frameworks",
				);
				"LD_RUNPATH_SEARCH_PATHS[sdk=iphonesimulator*]" = (
					"$(inherited)",
					"@executable_path/Frameworks",
				);
				"LD_RUNPATH_SEARCH_PATHS[sdk=macosx*]" = (
					"$(inherited)",
					"@executable_path/../Frameworks",
				);
				MACOSX_DEPLOYMENT_TARGET = 12.0;
				MARKETING_VERSION = 1.3;
				PRODUCT_BUNDLE_IDENTIFIER = me.fausak.taylor.Pylo;
				PRODUCT_NAME = "$(TARGET_NAME)";
				STRING_CATALOG_GENERATE_SYMBOLS = YES;
				SUPPORTS_MACCATALYST = NO;
				SWIFT_APPROACHABLE_CONCURRENCY = YES;
				SWIFT_DEFAULT_ACTOR_ISOLATION = MainActor;
				SWIFT_EMIT_LOC_STRINGS = YES;
				SWIFT_UPCOMING_FEATURE_MEMBER_IMPORT_VISIBILITY = YES;
				SWIFT_VERSION = 6.0;
				TARGETED_DEVICE_FAMILY = "1,2";
			};
			name = Release;
		};
		34EA22072F4EA60100113A11 /* Debug */ = {
			isa = XCBuildConfiguration;
			buildSettings = {
				BUNDLE_LOADER = "$(TEST_HOST)";
				CODE_SIGN_STYLE = Automatic;
				CURRENT_PROJECT_VERSION = 1;
				DEVELOPMENT_TEAM = 6BNF6ECP6F;
				GENERATE_INFOPLIST_FILE = YES;
				IPHONEOS_DEPLOYMENT_TARGET = 15.0;
				MARKETING_VERSION = 1.0;
				PRODUCT_BUNDLE_IDENTIFIER = me.fausak.taylor.PyloTests;
				PRODUCT_NAME = "$(TARGET_NAME)";
				STRING_CATALOG_GENERATE_SYMBOLS = NO;
				SWIFT_APPROACHABLE_CONCURRENCY = YES;
				SWIFT_EMIT_LOC_STRINGS = NO;
				SWIFT_UPCOMING_FEATURE_MEMBER_IMPORT_VISIBILITY = YES;
				SWIFT_VERSION = 5.0;
				TARGETED_DEVICE_FAMILY = "1,2";
				TEST_HOST = "$(BUILT_PRODUCTS_DIR)/Pylo.app/$(BUNDLE_EXECUTABLE_FOLDER_PATH)/Pylo";
			};
			name = Debug;
		};
		34EA22082F4EA60100113A11 /* Release */ = {
			isa = XCBuildConfiguration;
			buildSettings = {
				BUNDLE_LOADER = "$(TEST_HOST)";
				CODE_SIGN_STYLE = Automatic;
				CURRENT_PROJECT_VERSION = 1;
				DEVELOPMENT_TEAM = 6BNF6ECP6F;
				GENERATE_INFOPLIST_FILE = YES;
				IPHONEOS_DEPLOYMENT_TARGET = 15.0;
				MARKETING_VERSION = 1.0;
				PRODUCT_BUNDLE_IDENTIFIER = me.fausak.taylor.PyloTests;
				PRODUCT_NAME = "$(TARGET_NAME)";
				STRING_CATALOG_GENERATE_SYMBOLS = NO;
				SWIFT_APPROACHABLE_CONCURRENCY = YES;
				SWIFT_EMIT_LOC_STRINGS = NO;
				SWIFT_UPCOMING_FEATURE_MEMBER_IMPORT_VISIBILITY = YES;
				SWIFT_VERSION = 5.0;
				TARGETED_DEVICE_FAMILY = "1,2";
				TEST_HOST = "$(BUILT_PRODUCTS_DIR)/Pylo.app/$(BUNDLE_EXECUTABLE_FOLDER_PATH)/Pylo";
			};
			name = Release;
		};
/* End XCBuildConfiguration section */

/* Begin XCConfigurationList section */
		34EA21DD2F4EA5FF00113A11 /* Build configuration list for PBXProject "Pylo" */ = {
			isa = XCConfigurationList;
			buildConfigurations = (
				34EA22012F4EA60100113A11 /* Debug */,
				34EA22022F4EA60100113A11 /* Release */,
			);
			defaultConfigurationIsVisible = 0;
			defaultConfigurationName = Release;
		};
		34EA22032F4EA60100113A11 /* Build configuration list for PBXNativeTarget "Pylo" */ = {
			isa = XCConfigurationList;
			buildConfigurations = (
				34EA22042F4EA60100113A11 /* Debug */,
				34EA22052F4EA60100113A11 /* Release */,
			);
			defaultConfigurationIsVisible = 0;
			defaultConfigurationName = Release;
		};
		34EA22062F4EA60100113A11 /* Build configuration list for PBXNativeTarget "PyloTests" */ = {
			isa = XCConfigurationList;
			buildConfigurations = (
				34EA22072F4EA60100113A11 /* Debug */,
				34EA22082F4EA60100113A11 /* Release */,
			);
			defaultConfigurationIsVisible = 0;
			defaultConfigurationName = Release;
		};
/* End XCConfigurationList section */

/* Begin XCLocalSwiftPackageReference section */
		AA000003304B000100000001 /* XCLocalSwiftPackageReference "Packages/TLV8" */ = {
			isa = XCLocalSwiftPackageReference;
			relativePath = Packages/TLV8;
		};
		AA000003304B000100000002 /* XCLocalSwiftPackageReference "Packages/SRP" */ = {
			isa = XCLocalSwiftPackageReference;
			relativePath = Packages/SRP;
		};
		AA000003304B000100000003 /* XCLocalSwiftPackageReference "Packages/SRTP" */ = {
			isa = XCLocalSwiftPackageReference;
			relativePath = Packages/SRTP;
		};
		AA000003304B000100000004 /* XCLocalSwiftPackageReference "Packages/FragmentedMP4" */ = {
			isa = XCLocalSwiftPackageReference;
			relativePath = Packages/FragmentedMP4;
		};
		AA000003304B000100000005 /* XCLocalSwiftPackageReference "Packages/HAP" */ = {
			isa = XCLocalSwiftPackageReference;
			relativePath = Packages/HAP;
		};
		AA000003304B000100000006 /* XCLocalSwiftPackageReference "Packages/Locked" */ = {
			isa = XCLocalSwiftPackageReference;
			relativePath = Packages/Locked;
		};
		AA000003304B000100000007 /* XCLocalSwiftPackageReference "Packages/Sensors" */ = {
			isa = XCLocalSwiftPackageReference;
			relativePath = Packages/Sensors;
		};
		AA000003304B000100000008 /* XCLocalSwiftPackageReference "Packages/Streaming" */ = {
			isa = XCLocalSwiftPackageReference;
			relativePath = Packages/Streaming;
		};
/* End XCLocalSwiftPackageReference section */

/* Begin XCSwiftPackageProductDependency section */
		AA000002304B000100000001 /* TLV8 */ = {
			isa = XCSwiftPackageProductDependency;
			productName = TLV8;
		};
		AA000002304B000100000002 /* SRP */ = {
			isa = XCSwiftPackageProductDependency;
			productName = SRP;
		};
		AA000002304B000100000003 /* SRTP */ = {
			isa = XCSwiftPackageProductDependency;
			productName = SRTP;
		};
		AA000002304B000100000004 /* FragmentedMP4 */ = {
			isa = XCSwiftPackageProductDependency;
			productName = FragmentedMP4;
		};
		AA000002304B000100000005 /* HAP */ = {
			isa = XCSwiftPackageProductDependency;
			productName = HAP;
		};
		AA000002304B000100000006 /* Locked */ = {
			isa = XCSwiftPackageProductDependency;
			productName = Locked;
		};
		AA000002304B000100000007 /* Sensors */ = {
			isa = XCSwiftPackageProductDependency;
			productName = Sensors;
		};
		AA000002304B000100000008 /* Streaming */ = {
			isa = XCSwiftPackageProductDependency;
			productName = Streaming;
		};
/* End XCSwiftPackageProductDependency section */
	};
	rootObject = 34EA21DA2F4EA5FF00113A11 /* Project object */;
}
